{
  "name": "family-app",
  "version": "1.0.0",
  "lockfileVersion": 2,
  "requires": true,
  "packages": {
    "": {
      "name": "family-app",
      "version": "1.0.0",
      "license": "MIT",
      "dependencies": {
        "@familyjs/core": "^7.0.0"
      }
    },
    "node_modules/@familyjs/core": {
      "version": "7.0.1",
      "resolved": "https://registry.npmjs.org/@familyjs/core/-/core-7.0.1.tgz",
      "integrity": "sha512-HTPuNuaGomqEoHbdChGf66BHGit0TYNL/D8S710uxtnFcel+1NUeq/mzlsrR/7cpn9QWYHKfALl2aMUkVqhwOQ==",
      "dependencies": {
        "@rindo/core": "^3.1.0",
        "famicons": "^7.1.2",
        "tslib": "^2.1.0"
      }
    },
    "node_modules/@rindo/core": {
      "version": "3.4.1",
      "resolved": "https://registry.npmjs.org/@rindo/core/-/core-3.4.1.tgz",
      "integrity": "sha512-1gTMRvYsK7SnpLpjXG80F23aWaXMFaNZJ62fkLIAO8go2GBDse1QT443hrr5wudJnat0erYcIIOOQ1zQjl7R3g==",
      "bin": {
        "rindo": "bin/rindo"
      },
      "engines": {
        "node": ">=14.10.0",
        "npm": ">=6.0.0"
      }
    },
    "node_modules/famicons": {
      "version": "7.1.2",
      "resolved": "https://registry.npmjs.org/famicons/-/famicons-7.1.2.tgz",
      "integrity": "sha512-GygRKA8EZMRcosPKbHI5NIIrA6709NVHSu5XLEt+4vNypKwepEQDvCwV1vz2MsAGJxJ67VRI3ucJbaVMfMtYNw==",
      "dependencies": {
        "@rindo/core": "^2.18.1"
      }
    },
    "node_modules/famicons/node_modules/@rindo/core": {
      "version": "2.22.3",
      "resolved": "https://registry.npmjs.org/@rindo/core/-/core-2.22.3.tgz",
      "integrity": "sha512-FQ8xb4cgdb/b4bw6JhY4mEmhYoI8RVao+rtClQ2IEGMQEyAjDif3Qy4jt+1TInk5yoJG3teHow0+BN2ubui0qg==",
      "bin": {
        "rindo": "bin/rindo"
      },
      "engines": {
        "node": ">=12.10.0",
        "npm": ">=6.0.0"
      }
    },
    "node_modules/tslib": {
      "version": "2.6.2",
      "resolved": "https://registry.npmjs.org/tslib/-/tslib-2.6.2.tgz",
      "integrity": "sha512-AEYxH93jGFPn/a2iVAwW87VuUIkR1FVUKB77NwMF7nBTDkDrrT/Hpt/IrCJ0QXhW27jTBDcf5ZY7w6RiqTMw2Q=="
    }
  },
  "dependencies": {
    "@familyjs/core": {
      "version": "7.0.1",
      "resolved": "https://registry.npmjs.org/@familyjs/core/-/core-7.0.1.tgz",
      "integrity": "sha512-HTPuNuaGomqEoHbdChGf66BHGit0TYNL/D8S710uxtnFcel+1NUeq/mzlsrR/7cpn9QWYHKfALl2aMUkVqhwOQ==",
      "requires": {
        "@rindo/core": "^3.1.0",
        "famicons": "^7.1.2",
        "tslib": "^2.1.0"
      }
    },
    "@rindo/core": {
      "version": "3.4.1",
      "resolved": "https://registry.npmjs.org/@rindo/core/-/core-3.4.1.tgz",
      "integrity": "sha512-1gTMRvYsK7SnpLpjXG80F23aWaXMFaNZJ62fkLIAO8go2GBDse1QT443hrr5wudJnat0erYcIIOOQ1zQjl7R3g=="
    },
    "famicons": {
      "version": "7.1.2",
      "resolved": "https://registry.npmjs.org/famicons/-/famicons-7.1.2.tgz",
      "integrity": "sha512-GygRKA8EZMRcosPKbHI5NIIrA6709NVHSu5XLEt+4vNypKwepEQDvCwV1vz2MsAGJxJ67VRI3ucJbaVMfMtYNw==",
      "requires": {
        "@rindo/core": "^2.18.1"
      },
      "dependencies": {
        "@rindo/core": {
          "version": "2.22.3",
          "resolved": "https://registry.npmjs.org/@rindo/core/-/core-2.22.3.tgz",
          "integrity": "sha512-FQ8xb4cgdb/b4bw6JhY4mEmhYoI8RVao+rtClQ2IEGMQEyAjDif3Qy4jt+1TInk5yoJG3teHow0+BN2ubui0qg=="
        }
      }
    },
    "tslib": {
      "version": "2.6.2",
      "resolved": "https://registry.npmjs.org/tslib/-/tslib-2.6.2.tgz",
      "integrity": "sha512-AEYxH93jGFPn/a2iVAwW87VuUIkR1FVUKB77NwMF7nBTDkDrrT/Hpt/IrCJ0QXhW27jTBDcf5ZY7w6RiqTMw2Q=="
    }
  }
}
