{
  "name": "wite-bundle-test",
  "version": "1.0.0",
  "lockfileVersion": 2,
  "requires": true,
  "packages": {
    "": {
      "name": "wite-bundle-test",
      "version": "1.0.0",
      "license": "MIT",
      "dependencies": {
        "component-library": "file:../component-library"
      },
      "devDependencies": {
        "wite": "^2.9.15"
      }
    }
  }
}
